
Microsoft Visual Studio Solution File, Format Version 12.00
# Visual Studio Version 17
VisualStudioVersion = 17.8.34330.188
MinimumVisualStudioVersion = 10.0.40219.1
Project("{9A19103F-16F7-4668-BE54-9A1E7A4F7556}") = "TrilhaApiDesafio", "TrilhaApiDesafio.csproj", "{E7BE5733-BD9B-471E-90E5-C2C2AE0D6828}"
EndProject
Global
	GlobalSection(SolutionConfigurationPlatforms) = preSolution
		Debug|Any CPU = Debug|Any CPU
		Release|Any CPU = Release|Any CPU
	EndGlobalSection
	GlobalSection(ProjectConfigurationPlatforms) = postSolution
		{E7BE5733-BD9B-471E-90E5-C2C2AE0D6828}.Debug|Any CPU.ActiveCfg = Debug|Any CPU
		{E7BE5733-BD9B-471E-90E5-C2C2AE0D6828}.Debug|Any CPU.Build.0 = Debug|Any CPU
		{E7BE5733-BD9B-471E-90E5-C2C2AE0D6828}.Release|Any CPU.ActiveCfg = Release|Any CPU
		{E7BE5733-BD9B-471E-90E5-C2C2AE0D6828}.Release|Any CPU.Build.0 = Release|Any CPU
	EndGlobalSection
	GlobalSection(SolutionProperties) = preSolution
		HideSolutionNode = FALSE
	EndGlobalSection
	GlobalSection(ExtensibilityGlobals) = postSolution
		SolutionGuid = {A70A0C67-B370-4FA0-9D62-3307232C170C}
	EndGlobalSection
EndGlobal
